
Microsoft Visual Studio Solution File, Format Version 12.00
# Visual Studio Version 17
VisualStudioVersion = 17.4.33122.133
MinimumVisualStudioVersion = 10.0.40219.1
Project("{FAE04EC0-301F-11D3-BF4B-00C04F79EFBC}") = "Projeto_RestFull", "Projeto_RestFull\Projeto_RestFull.csproj", "{BDD85E74-7E98-4C47-A2DA-610D7107D56A}"
EndProject
Global
	GlobalSection(SolutionConfigurationPlatforms) = preSolution
		Debug|Any CPU = Debug|Any CPU
		Release|Any CPU = Release|Any CPU
	EndGlobalSection
	GlobalSection(ProjectConfigurationPlatforms) = postSolution
		{BDD85E74-7E98-4C47-A2DA-610D7107D56A}.Debug|Any CPU.ActiveCfg = Debug|Any CPU
		{BDD85E74-7E98-4C47-A2DA-610D7107D56A}.Debug|Any CPU.Build.0 = Debug|Any CPU
		{BDD85E74-7E98-4C47-A2DA-610D7107D56A}.Release|Any CPU.ActiveCfg = Release|Any CPU
		{BDD85E74-7E98-4C47-A2DA-610D7107D56A}.Release|Any CPU.Build.0 = Release|Any CPU
	EndGlobalSection
	GlobalSection(SolutionProperties) = preSolution
		HideSolutionNode = FALSE
	EndGlobalSection
	GlobalSection(ExtensibilityGlobals) = postSolution
		SolutionGuid = {9640F22E-9BFF-45DD-8808-A5316B6FD772}
	EndGlobalSection
EndGlobal
